// !$*UTF8*$!
{
	archiveVersion = 1;
	classes = {
	};
	objectVersion = 73;
	objects = {

/* Begin PBXBuildFile section */
		00F2F2032B2380000008F6F5 /* Data.framework in Frameworks */ = {isa = PBXBuildFile; fileRef = 00F2F1FB2B2380000008F6F5 /* Data.framework */; };
		00F2F2142B2380240008F6F5 /* Domain.framework in Frameworks */ = {isa = PBXBuildFile; fileRef = 00F2F1E62B2373B70008F6F5 /* Domain.framework */; };
		00F2F2152B2380240008F6F5 /* Domain.framework in Embed Frameworks */ = {isa = PBXBuildFile; fileRef = 00F2F1E62B2373B70008F6F5 /* Domain.framework */; settings = {ATTRIBUTES = (CodeSignOnCopy, RemoveHeadersOnCopy, ); }; };
		00F2F23A2B238D620008F6F5 /* Infra.framework in Frameworks */ = {isa = PBXBuildFile; fileRef = 00F2F2322B238D620008F6F5 /* Infra.framework */; };
		00F2F24A2B238D940008F6F5 /* Data.framework in Frameworks */ = {isa = PBXBuildFile; fileRef = 00F2F1FB2B2380000008F6F5 /* Data.framework */; };
		00F2F24B2B238D940008F6F5 /* Data.framework in Embed Frameworks */ = {isa = PBXBuildFile; fileRef = 00F2F1FB2B2380000008F6F5 /* Data.framework */; settings = {ATTRIBUTES = (CodeSignOnCopy, RemoveHeadersOnCopy, ); }; };
		00F2F24E2B238D940008F6F5 /* Domain.framework in Frameworks */ = {isa = PBXBuildFile; fileRef = 00F2F1E62B2373B70008F6F5 /* Domain.framework */; };
		00F2F24F2B238D940008F6F5 /* Domain.framework in Embed Frameworks */ = {isa = PBXBuildFile; fileRef = 00F2F1E62B2373B70008F6F5 /* Domain.framework */; settings = {ATTRIBUTES = (CodeSignOnCopy, RemoveHeadersOnCopy, ); }; };
		00F2F26D2B238F5E0008F6F5 /* Data.framework in Frameworks */ = {isa = PBXBuildFile; fileRef = 00F2F1FB2B2380000008F6F5 /* Data.framework */; };
		00F2F26E2B238F5E0008F6F5 /* Data.framework in Embed Frameworks */ = {isa = PBXBuildFile; fileRef = 00F2F1FB2B2380000008F6F5 /* Data.framework */; settings = {ATTRIBUTES = (CodeSignOnCopy, RemoveHeadersOnCopy, ); }; };
		00F2F2712B238F5E0008F6F5 /* Domain.framework in Frameworks */ = {isa = PBXBuildFile; fileRef = 00F2F1E62B2373B70008F6F5 /* Domain.framework */; };
		00F2F2722B238F5E0008F6F5 /* Domain.framework in Embed Frameworks */ = {isa = PBXBuildFile; fileRef = 00F2F1E62B2373B70008F6F5 /* Domain.framework */; settings = {ATTRIBUTES = (CodeSignOnCopy, RemoveHeadersOnCopy, ); }; };
		00F2F2752B238F5E0008F6F5 /* Infra.framework in Frameworks */ = {isa = PBXBuildFile; fileRef = 00F2F2322B238D620008F6F5 /* Infra.framework */; };
		00F2F2762B238F5E0008F6F5 /* Infra.framework in Embed Frameworks */ = {isa = PBXBuildFile; fileRef = 00F2F2322B238D620008F6F5 /* Infra.framework */; settings = {ATTRIBUTES = (CodeSignOnCopy, RemoveHeadersOnCopy, ); }; };
		00F2F27A2B238F820008F6F5 /* Data.framework in Frameworks */ = {isa = PBXBuildFile; fileRef = 00F2F1FB2B2380000008F6F5 /* Data.framework */; };
		00F2F27B2B238F820008F6F5 /* Data.framework in Embed Frameworks */ = {isa = PBXBuildFile; fileRef = 00F2F1FB2B2380000008F6F5 /* Data.framework */; settings = {ATTRIBUTES = (CodeSignOnCopy, RemoveHeadersOnCopy, ); }; };
		00F2F2AF2B24CD020008F6F5 /* Presentation.framework in Frameworks */ = {isa = PBXBuildFile; fileRef = 00F2F2A72B24CD020008F6F5 /* Presentation.framework */; };
		00F2F2BC2B24CD150008F6F5 /* Domain.framework in Frameworks */ = {isa = PBXBuildFile; fileRef = 00F2F1E62B2373B70008F6F5 /* Domain.framework */; };
		00F2F2BD2B24CD150008F6F5 /* Domain.framework in Embed Frameworks */ = {isa = PBXBuildFile; fileRef = 00F2F1E62B2373B70008F6F5 /* Domain.framework */; settings = {ATTRIBUTES = (CodeSignOnCopy, RemoveHeadersOnCopy, ); }; };
		00F2F30E2B24E7080008F6F5 /* UI.framework in Frameworks */ = {isa = PBXBuildFile; fileRef = 00F2F3062B24E7080008F6F5 /* UI.framework */; };
		00F2F31D2B24E7370008F6F5 /* Presentation.framework in Frameworks */ = {isa = PBXBuildFile; fileRef = 00F2F2A72B24CD020008F6F5 /* Presentation.framework */; };
		00F2F31E2B24E7370008F6F5 /* Presentation.framework in Embed Frameworks */ = {isa = PBXBuildFile; fileRef = 00F2F2A72B24CD020008F6F5 /* Presentation.framework */; settings = {ATTRIBUTES = (CodeSignOnCopy, RemoveHeadersOnCopy, ); }; };
		00F2F3222B24E75B0008F6F5 /* Domain.framework in Frameworks */ = {isa = PBXBuildFile; fileRef = 00F2F1E62B2373B70008F6F5 /* Domain.framework */; };
		00F2F3232B24E75B0008F6F5 /* Domain.framework in Embed Frameworks */ = {isa = PBXBuildFile; fileRef = 00F2F1E62B2373B70008F6F5 /* Domain.framework */; settings = {ATTRIBUTES = (CodeSignOnCopy, RemoveHeadersOnCopy, ); }; };
		00F2F3322B24E9E20008F6F5 /* Presentation.framework in Frameworks */ = {isa = PBXBuildFile; fileRef = 00F2F2A72B24CD020008F6F5 /* Presentation.framework */; };
		00F2F3332B24E9E20008F6F5 /* Presentation.framework in Embed Frameworks */ = {isa = PBXBuildFile; fileRef = 00F2F2A72B24CD020008F6F5 /* Presentation.framework */; settings = {ATTRIBUTES = (CodeSignOnCopy, RemoveHeadersOnCopy, ); }; };
		00F2F3362B24E9E50008F6F5 /* UI.framework in Frameworks */ = {isa = PBXBuildFile; fileRef = 00F2F3062B24E7080008F6F5 /* UI.framework */; };
		00F2F3372B24E9E50008F6F5 /* UI.framework in Embed Frameworks */ = {isa = PBXBuildFile; fileRef = 00F2F3062B24E7080008F6F5 /* UI.framework */; settings = {ATTRIBUTES = (CodeSignOnCopy, RemoveHeadersOnCopy, ); }; };
/* End PBXBuildFile section */

/* Begin PBXContainerItemProxy section */
		00F2F2042B2380000008F6F5 /* PBXContainerItemProxy */ = {
			isa = PBXContainerItemProxy;
			containerPortal = 00F2F1C22B2373980008F6F5 /* Project object */;
			proxyType = 1;
			remoteGlobalIDString = 00F2F1FA2B2380000008F6F5;
			remoteInfo = Data;
		};
		00F2F2162B2380240008F6F5 /* PBXContainerItemProxy */ = {
			isa = PBXContainerItemProxy;
			containerPortal = 00F2F1C22B2373980008F6F5 /* Project object */;
			proxyType = 1;
			remoteGlobalIDString = 00F2F1E52B2373B70008F6F5;
			remoteInfo = Domain;
		};
		00F2F23B2B238D620008F6F5 /* PBXContainerItemProxy */ = {
			isa = PBXContainerItemProxy;
			containerPortal = 00F2F1C22B2373980008F6F5 /* Project object */;
			proxyType = 1;
			remoteGlobalIDString = 00F2F2312B238D620008F6F5;
			remoteInfo = Infra;
		};
		00F2F24C2B238D940008F6F5 /* PBXContainerItemProxy */ = {
			isa = PBXContainerItemProxy;
			containerPortal = 00F2F1C22B2373980008F6F5 /* Project object */;
			proxyType = 1;
			remoteGlobalIDString = 00F2F1FA2B2380000008F6F5;
			remoteInfo = Data;
		};
		00F2F2502B238D940008F6F5 /* PBXContainerItemProxy */ = {
			isa = PBXContainerItemProxy;
			containerPortal = 00F2F1C22B2373980008F6F5 /* Project object */;
			proxyType = 1;
			remoteGlobalIDString = 00F2F1E52B2373B70008F6F5;
			remoteInfo = Domain;
		};
		00F2F26F2B238F5E0008F6F5 /* PBXContainerItemProxy */ = {
			isa = PBXContainerItemProxy;
			containerPortal = 00F2F1C22B2373980008F6F5 /* Project object */;
			proxyType = 1;
			remoteGlobalIDString = 00F2F1FA2B2380000008F6F5;
			remoteInfo = Data;
		};
		00F2F2732B238F5E0008F6F5 /* PBXContainerItemProxy */ = {
			isa = PBXContainerItemProxy;
			containerPortal = 00F2F1C22B2373980008F6F5 /* Project object */;
			proxyType = 1;
			remoteGlobalIDString = 00F2F1E52B2373B70008F6F5;
			remoteInfo = Domain;
		};
		00F2F2772B238F5E0008F6F5 /* PBXContainerItemProxy */ = {
			isa = PBXContainerItemProxy;
			containerPortal = 00F2F1C22B2373980008F6F5 /* Project object */;
			proxyType = 1;
			remoteGlobalIDString = 00F2F2312B238D620008F6F5;
			remoteInfo = Infra;
		};
		00F2F27C2B238F820008F6F5 /* PBXContainerItemProxy */ = {
			isa = PBXContainerItemProxy;
			containerPortal = 00F2F1C22B2373980008F6F5 /* Project object */;
			proxyType = 1;
			remoteGlobalIDString = 00F2F1FA2B2380000008F6F5;
			remoteInfo = Data;
		};
		00F2F2B02B24CD020008F6F5 /* PBXContainerItemProxy */ = {
			isa = PBXContainerItemProxy;
			containerPortal = 00F2F1C22B2373980008F6F5 /* Project object */;
			proxyType = 1;
			remoteGlobalIDString = 00F2F2A62B24CD020008F6F5;
			remoteInfo = Presentation;
		};
		00F2F2BE2B24CD150008F6F5 /* PBXContainerItemProxy */ = {
			isa = PBXContainerItemProxy;
			containerPortal = 00F2F1C22B2373980008F6F5 /* Project object */;
			proxyType = 1;
			remoteGlobalIDString = 00F2F1E52B2373B70008F6F5;
			remoteInfo = Domain;
		};
		00F2F30F2B24E7080008F6F5 /* PBXContainerItemProxy */ = {
			isa = PBXContainerItemProxy;
			containerPortal = 00F2F1C22B2373980008F6F5 /* Project object */;
			proxyType = 1;
			remoteGlobalIDString = 00F2F3052B24E7080008F6F5;
			remoteInfo = UI;
		};
		00F2F31F2B24E7370008F6F5 /* PBXContainerItemProxy */ = {
			isa = PBXContainerItemProxy;
			containerPortal = 00F2F1C22B2373980008F6F5 /* Project object */;
			proxyType = 1;
			remoteGlobalIDString = 00F2F2A62B24CD020008F6F5;
			remoteInfo = Presentation;
		};
		00F2F3242B24E75C0008F6F5 /* PBXContainerItemProxy */ = {
			isa = PBXContainerItemProxy;
			containerPortal = 00F2F1C22B2373980008F6F5 /* Project object */;
			proxyType = 1;
			remoteGlobalIDString = 00F2F1E52B2373B70008F6F5;
			remoteInfo = Domain;
		};
		00F2F3342B24E9E20008F6F5 /* PBXContainerItemProxy */ = {
			isa = PBXContainerItemProxy;
			containerPortal = 00F2F1C22B2373980008F6F5 /* Project object */;
			proxyType = 1;
			remoteGlobalIDString = 00F2F2A62B24CD020008F6F5;
			remoteInfo = Presentation;
		};
		00F2F3382B24E9E50008F6F5 /* PBXContainerItemProxy */ = {
			isa = PBXContainerItemProxy;
			containerPortal = 00F2F1C22B2373980008F6F5 /* Project object */;
			proxyType = 1;
			remoteGlobalIDString = 00F2F3052B24E7080008F6F5;
			remoteInfo = UI;
		};
/* End PBXContainerItemProxy section */

/* Begin PBXCopyFilesBuildPhase section */
		00F2F2182B2380250008F6F5 /* Embed Frameworks */ = {
			isa = PBXCopyFilesBuildPhase;
			buildActionMask = 2147483647;
			dstPath = "";
			dstSubfolderSpec = 10;
			files = (
				00F2F2152B2380240008F6F5 /* Domain.framework in Embed Frameworks */,
			);
			name = "Embed Frameworks";
			runOnlyForDeploymentPostprocessing = 0;
		};
		00F2F2522B238D940008F6F5 /* Embed Frameworks */ = {
			isa = PBXCopyFilesBuildPhase;
			buildActionMask = 2147483647;
			dstPath = "";
			dstSubfolderSpec = 10;
			files = (
				00F2F24F2B238D940008F6F5 /* Domain.framework in Embed Frameworks */,
				00F2F24B2B238D940008F6F5 /* Data.framework in Embed Frameworks */,
			);
			name = "Embed Frameworks";
			runOnlyForDeploymentPostprocessing = 0;
		};
		00F2F2792B238F5E0008F6F5 /* Embed Frameworks */ = {
			isa = PBXCopyFilesBuildPhase;
			buildActionMask = 2147483647;
			dstPath = "";
			dstSubfolderSpec = 10;
			files = (
				00F2F2722B238F5E0008F6F5 /* Domain.framework in Embed Frameworks */,
				00F2F3372B24E9E50008F6F5 /* UI.framework in Embed Frameworks */,
				00F2F26E2B238F5E0008F6F5 /* Data.framework in Embed Frameworks */,
				00F2F3332B24E9E20008F6F5 /* Presentation.framework in Embed Frameworks */,
				00F2F2762B238F5E0008F6F5 /* Infra.framework in Embed Frameworks */,
			);
			name = "Embed Frameworks";
			runOnlyForDeploymentPostprocessing = 0;
		};
		00F2F27E2B238F830008F6F5 /* Embed Frameworks */ = {
			isa = PBXCopyFilesBuildPhase;
			buildActionMask = 2147483647;
			dstPath = "";
			dstSubfolderSpec = 10;
			files = (
				00F2F27B2B238F820008F6F5 /* Data.framework in Embed Frameworks */,
			);
			name = "Embed Frameworks";
			runOnlyForDeploymentPostprocessing = 0;
		};
		00F2F2C02B24CD160008F6F5 /* Embed Frameworks */ = {
			isa = PBXCopyFilesBuildPhase;
			buildActionMask = 2147483647;
			dstPath = "";
			dstSubfolderSpec = 10;
			files = (
				00F2F2BD2B24CD150008F6F5 /* Domain.framework in Embed Frameworks */,
			);
			name = "Embed Frameworks";
			runOnlyForDeploymentPostprocessing = 0;
		};
		00F2F3212B24E7370008F6F5 /* Embed Frameworks */ = {
			isa = PBXCopyFilesBuildPhase;
			buildActionMask = 2147483647;
			dstPath = "";
			dstSubfolderSpec = 10;
			files = (
				00F2F31E2B24E7370008F6F5 /* Presentation.framework in Embed Frameworks */,
			);
			name = "Embed Frameworks";
			runOnlyForDeploymentPostprocessing = 0;
		};
		00F2F3262B24E75C0008F6F5 /* Embed Frameworks */ = {
			isa = PBXCopyFilesBuildPhase;
			buildActionMask = 2147483647;
			dstPath = "";
			dstSubfolderSpec = 10;
			files = (
				00F2F3232B24E75B0008F6F5 /* Domain.framework in Embed Frameworks */,
			);
			name = "Embed Frameworks";
			runOnlyForDeploymentPostprocessing = 0;
		};
/* End PBXCopyFilesBuildPhase section */

/* Begin PBXFileReference section */
		00F2F1E62B2373B70008F6F5 /* Domain.framework */ = {isa = PBXFileReference; explicitFileType = wrapper.framework; includeInIndex = 0; path = Domain.framework; sourceTree = BUILT_PRODUCTS_DIR; };
		00F2F1FB2B2380000008F6F5 /* Data.framework */ = {isa = PBXFileReference; explicitFileType = wrapper.framework; includeInIndex = 0; path = Data.framework; sourceTree = BUILT_PRODUCTS_DIR; };
		00F2F2022B2380000008F6F5 /* DataTests.xctest */ = {isa = PBXFileReference; explicitFileType = wrapper.cfbundle; includeInIndex = 0; path = DataTests.xctest; sourceTree = BUILT_PRODUCTS_DIR; };
		00F2F2322B238D620008F6F5 /* Infra.framework */ = {isa = PBXFileReference; explicitFileType = wrapper.framework; includeInIndex = 0; path = Infra.framework; sourceTree = BUILT_PRODUCTS_DIR; };
		00F2F2392B238D620008F6F5 /* InfraTests.xctest */ = {isa = PBXFileReference; explicitFileType = wrapper.cfbundle; includeInIndex = 0; path = InfraTests.xctest; sourceTree = BUILT_PRODUCTS_DIR; };
		00F2F2572B238ECE0008F6F5 /* Main.app */ = {isa = PBXFileReference; explicitFileType = wrapper.application; includeInIndex = 0; path = Main.app; sourceTree = BUILT_PRODUCTS_DIR; };
		00F2F2A72B24CD020008F6F5 /* Presentation.framework */ = {isa = PBXFileReference; explicitFileType = wrapper.framework; includeInIndex = 0; path = Presentation.framework; sourceTree = BUILT_PRODUCTS_DIR; };
		00F2F2AE2B24CD020008F6F5 /* PresentationTests.xctest */ = {isa = PBXFileReference; explicitFileType = wrapper.cfbundle; includeInIndex = 0; path = PresentationTests.xctest; sourceTree = BUILT_PRODUCTS_DIR; };
		00F2F3062B24E7080008F6F5 /* UI.framework */ = {isa = PBXFileReference; explicitFileType = wrapper.framework; includeInIndex = 0; path = UI.framework; sourceTree = BUILT_PRODUCTS_DIR; };
		00F2F30D2B24E7080008F6F5 /* UITests.xctest */ = {isa = PBXFileReference; explicitFileType = wrapper.cfbundle; includeInIndex = 0; path = UITests.xctest; sourceTree = BUILT_PRODUCTS_DIR; };
/* End PBXFileReference section */

/* Begin PBXFileSystemSynchronizedBuildFileExceptionSet section */
		0028AACB2F91BF2600E6A87F /* PBXFileSystemSynchronizedBuildFileExceptionSet */ = {
			isa = PBXFileSystemSynchronizedBuildFileExceptionSet;
			membershipExceptions = (
				Storage/LocalStorage/SongWrittingApp.xcdatamodeld,
			);
			target = 00F2F1FA2B2380000008F6F5 /* Data */;
		};
		0028AACC2F91BF2600E6A87F /* PBXFileSystemSynchronizedBuildFileExceptionSet */ = {
			isa = PBXFileSystemSynchronizedBuildFileExceptionSet;
			membershipExceptions = (
				Storage/LocalStorage/SongWrittingApp.xcdatamodeld,
			);
			target = 00F2F2312B238D620008F6F5 /* Infra */;
		};
		004833602F91C67F00384DF9 /* PBXFileSystemSynchronizedBuildFileExceptionSet */ = {
			isa = PBXFileSystemSynchronizedBuildFileExceptionSet;
			membershipExceptions = (
				Info.plist,
			);
			target = 00F2F2562B238ECE0008F6F5 /* Main */;
		};
/* End PBXFileSystemSynchronizedBuildFileExceptionSet section */

/* Begin PBXFileSystemSynchronizedGroupBuildPhaseMembershipExceptionSet section */
		0028AACD2F91BF2600E6A87F /* PBXFileSystemSynchronizedGroupBuildPhaseMembershipExceptionSet */ = {
			isa = PBXFileSystemSynchronizedGroupBuildPhaseMembershipExceptionSet;
			buildPhase = 00F2F2302B238D620008F6F5 /* Resources */;
			membershipExceptions = (
				Storage/LocalStorage/SongWrittingApp.xcdatamodeld,
			);
		};
/* End PBXFileSystemSynchronizedGroupBuildPhaseMembershipExceptionSet section */

/* Begin PBXFileSystemSynchronizedRootGroup section */
		0028AAB32F91BF2600E6A87F /* Infra */ = {isa = PBXFileSystemSynchronizedRootGroup; exceptions = (0028AACB2F91BF2600E6A87F /* PBXFileSystemSynchronizedBuildFileExceptionSet */, 0028AACC2F91BF2600E6A87F /* PBXFileSystemSynchronizedBuildFileExceptionSet */, 0028AACD2F91BF2600E6A87F /* PBXFileSystemSynchronizedGroupBuildPhaseMembershipExceptionSet */, ); explicitFileTypes = {}; explicitFolders = (); path = Infra; sourceTree = "<group>"; };
		0028AAD42F91BF8100E6A87F /* InfraTests */ = {isa = PBXFileSystemSynchronizedRootGroup; explicitFileTypes = {}; explicitFolders = (); path = InfraTests; sourceTree = "<group>"; };
		0028AB342F91C0EB00E6A87F /* Data */ = {isa = PBXFileSystemSynchronizedRootGroup; explicitFileTypes = {}; explicitFolders = (); path = Data; sourceTree = "<group>"; };
		0028AB532F91C10700E6A87F /* DataTests */ = {isa = PBXFileSystemSynchronizedRootGroup; explicitFileTypes = {}; explicitFolders = (); path = DataTests; sourceTree = "<group>"; };
		0028AB812F91C13F00E6A87F /* Domain */ = {isa = PBXFileSystemSynchronizedRootGroup; explicitFileTypes = {}; explicitFolders = (); path = Domain; sourceTree = "<group>"; };
		0028ABBD2F91C15300E6A87F /* Presentation */ = {isa = PBXFileSystemSynchronizedRootGroup; explicitFileTypes = {}; explicitFolders = (); path = Presentation; sourceTree = "<group>"; };
		0028ABE22F91C17900E6A87F /* PresentationTests */ = {isa = PBXFileSystemSynchronizedRootGroup; explicitFileTypes = {}; explicitFolders = (); path = PresentationTests; sourceTree = "<group>"; };
		0028AC112F91C19300E6A87F /* UI */ = {isa = PBXFileSystemSynchronizedRootGroup; explicitFileTypes = {}; explicitFolders = (); path = UI; sourceTree = "<group>"; };
		0028AC292F91C1B600E6A87F /* UITests */ = {isa = PBXFileSystemSynchronizedRootGroup; explicitFileTypes = {}; explicitFolders = (); path = UITests; sourceTree = "<group>"; };
		004833532F91C67F00384DF9 /* Main */ = {isa = PBXFileSystemSynchronizedRootGroup; exceptions = (004833602F91C67F00384DF9 /* PBXFileSystemSynchronizedBuildFileExceptionSet */, ); explicitFileTypes = {}; explicitFolders = (); path = Main; sourceTree = "<group>"; };
/* End PBXFileSystemSynchronizedRootGroup section */

/* Begin PBXFrameworksBuildPhase section */
		00F2F1E32B2373B70008F6F5 /* Frameworks */ = {
			isa = PBXFrameworksBuildPhase;
			buildActionMask = 2147483647;
			files = (
			);
			runOnlyForDeploymentPostprocessing = 0;
		};
		00F2F1F82B2380000008F6F5 /* Frameworks */ = {
			isa = PBXFrameworksBuildPhase;
			buildActionMask = 2147483647;
			files = (
				00F2F2142B2380240008F6F5 /* Domain.framework in Frameworks */,
			);
			runOnlyForDeploymentPostprocessing = 0;
		};
		00F2F1FF2B2380000008F6F5 /* Frameworks */ = {
			isa = PBXFrameworksBuildPhase;
			buildActionMask = 2147483647;
			files = (
				00F2F2032B2380000008F6F5 /* Data.framework in Frameworks */,
			);
			runOnlyForDeploymentPostprocessing = 0;
		};
		00F2F22F2B238D620008F6F5 /* Frameworks */ = {
			isa = PBXFrameworksBuildPhase;
			buildActionMask = 2147483647;
			files = (
				00F2F27A2B238F820008F6F5 /* Data.framework in Frameworks */,
			);
			runOnlyForDeploymentPostprocessing = 0;
		};
		00F2F2362B238D620008F6F5 /* Frameworks */ = {
			isa = PBXFrameworksBuildPhase;
			buildActionMask = 2147483647;
			files = (
				00F2F24E2B238D940008F6F5 /* Domain.framework in Frameworks */,
				00F2F24A2B238D940008F6F5 /* Data.framework in Frameworks */,
				00F2F23A2B238D620008F6F5 /* Infra.framework in Frameworks */,
			);
			runOnlyForDeploymentPostprocessing = 0;
		};
		00F2F2542B238ECE0008F6F5 /* Frameworks */ = {
			isa = PBXFrameworksBuildPhase;
			buildActionMask = 2147483647;
			files = (
				00F2F2712B238F5E0008F6F5 /* Domain.framework in Frameworks */,
				00F2F3362B24E9E50008F6F5 /* UI.framework in Frameworks */,
				00F2F26D2B238F5E0008F6F5 /* Data.framework in Frameworks */,
				00F2F3322B24E9E20008F6F5 /* Presentation.framework in Frameworks */,
				00F2F2752B238F5E0008F6F5 /* Infra.framework in Frameworks */,
			);
			runOnlyForDeploymentPostprocessing = 0;
		};
		00F2F2A42B24CD020008F6F5 /* Frameworks */ = {
			isa = PBXFrameworksBuildPhase;
			buildActionMask = 2147483647;
			files = (
				00F2F3222B24E75B0008F6F5 /* Domain.framework in Frameworks */,
			);
			runOnlyForDeploymentPostprocessing = 0;
		};
		00F2F2AB2B24CD020008F6F5 /* Frameworks */ = {
			isa = PBXFrameworksBuildPhase;
			buildActionMask = 2147483647;
			files = (
				00F2F2BC2B24CD150008F6F5 /* Domain.framework in Frameworks */,
				00F2F2AF2B24CD020008F6F5 /* Presentation.framework in Frameworks */,
			);
			runOnlyForDeploymentPostprocessing = 0;
		};
		00F2F3032B24E7080008F6F5 /* Frameworks */ = {
			isa = PBXFrameworksBuildPhase;
			buildActionMask = 2147483647;
			files = (
				00F2F31D2B24E7370008F6F5 /* Presentation.framework in Frameworks */,
			);
			runOnlyForDeploymentPostprocessing = 0;
		};
		00F2F30A2B24E7080008F6F5 /* Frameworks */ = {
			isa = PBXFrameworksBuildPhase;
			buildActionMask = 2147483647;
			files = (
				00F2F30E2B24E7080008F6F5 /* UI.framework in Frameworks */,
			);
			runOnlyForDeploymentPostprocessing = 0;
		};
/* End PBXFrameworksBuildPhase section */

/* Begin PBXGroup section */
		00F2F1C12B2373980008F6F5 = {
			isa = PBXGroup;
			children = (
				0028AAB32F91BF2600E6A87F /* Infra */,
				0028AAD42F91BF8100E6A87F /* InfraTests */,
				0028AB342F91C0EB00E6A87F /* Data */,
				0028AB532F91C10700E6A87F /* DataTests */,
				0028AB812F91C13F00E6A87F /* Domain */,
				0028ABBD2F91C15300E6A87F /* Presentation */,
				0028ABE22F91C17900E6A87F /* PresentationTests */,
				0028AC112F91C19300E6A87F /* UI */,
				0028AC292F91C1B600E6A87F /* UITests */,
				004833532F91C67F00384DF9 /* Main */,
				00F2F1CB2B2373980008F6F5 /* Products */,
				00F2F2132B2380240008F6F5 /* Frameworks */,
			);
			sourceTree = "<group>";
		};
		00F2F1CB2B2373980008F6F5 /* Products */ = {
			isa = PBXGroup;
			children = (
				00F2F1E62B2373B70008F6F5 /* Domain.framework */,
				00F2F1FB2B2380000008F6F5 /* Data.framework */,
				00F2F2022B2380000008F6F5 /* DataTests.xctest */,
				00F2F2322B238D620008F6F5 /* Infra.framework */,
				00F2F2392B238D620008F6F5 /* InfraTests.xctest */,
				00F2F2572B238ECE0008F6F5 /* Main.app */,
				00F2F2A72B24CD020008F6F5 /* Presentation.framework */,
				00F2F2AE2B24CD020008F6F5 /* PresentationTests.xctest */,
				00F2F3062B24E7080008F6F5 /* UI.framework */,
				00F2F30D2B24E7080008F6F5 /* UITests.xctest */,
			);
			name = Products;
			sourceTree = "<group>";
		};
		00F2F2132B2380240008F6F5 /* Frameworks */ = {
			isa = PBXGroup;
			children = (
			);
			name = Frameworks;
			sourceTree = "<group>";
		};
/* End PBXGroup section */

/* Begin PBXHeadersBuildPhase section */
		00F2F1E12B2373B70008F6F5 /* Headers */ = {
			isa = PBXHeadersBuildPhase;
			buildActionMask = 2147483647;
			files = (
			);
			runOnlyForDeploymentPostprocessing = 0;
		};
		00F2F1F62B2380000008F6F5 /* Headers */ = {
			isa = PBXHeadersBuildPhase;
			buildActionMask = 2147483647;
			files = (
			);
			runOnlyForDeploymentPostprocessing = 0;
		};
		00F2F22D2B238D620008F6F5 /* Headers */ = {
			isa = PBXHeadersBuildPhase;
			buildActionMask = 2147483647;
			files = (
			);
			runOnlyForDeploymentPostprocessing = 0;
		};
		00F2F2A22B24CD020008F6F5 /* Headers */ = {
			isa = PBXHeadersBuildPhase;
			buildActionMask = 2147483647;
			files = (
			);
			runOnlyForDeploymentPostprocessing = 0;
		};
		00F2F3012B24E7080008F6F5 /* Headers */ = {
			isa = PBXHeadersBuildPhase;
			buildActionMask = 2147483647;
			files = (
			);
			runOnlyForDeploymentPostprocessing = 0;
		};
/* End PBXHeadersBuildPhase section */

/* Begin PBXNativeTarget section */
		00F2F1E52B2373B70008F6F5 /* Domain */ = {
			isa = PBXNativeTarget;
			buildConfigurationList = 00F2F1EA2B2373B70008F6F5 /* Build configuration list for PBXNativeTarget "Domain" */;
			buildPhases = (
				00F2F1E12B2373B70008F6F5 /* Headers */,
				00F2F1E22B2373B70008F6F5 /* Sources */,
				00F2F1E32B2373B70008F6F5 /* Frameworks */,
				00F2F1E42B2373B70008F6F5 /* Resources */,
			);
			buildRules = (
			);
			dependencies = (
			);
			fileSystemSynchronizedGroups = (
				0028AB812F91C13F00E6A87F /* Domain */,
			);
			name = Domain;
			productName = Domain;
			productReference = 00F2F1E62B2373B70008F6F5 /* Domain.framework */;
			productType = "com.apple.product-type.framework";
		};
		00F2F1FA2B2380000008F6F5 /* Data */ = {
			isa = PBXNativeTarget;
			buildConfigurationList = 00F2F20A2B2380000008F6F5 /* Build configuration list for PBXNativeTarget "Data" */;
			buildPhases = (
				00F2F1F62B2380000008F6F5 /* Headers */,
				00F2F1F72B2380000008F6F5 /* Sources */,
				00F2F1F82B2380000008F6F5 /* Frameworks */,
				00F2F1F92B2380000008F6F5 /* Resources */,
				00F2F2182B2380250008F6F5 /* Embed Frameworks */,
			);
			buildRules = (
			);
			dependencies = (
				00F2F2172B2380240008F6F5 /* PBXTargetDependency */,
			);
			fileSystemSynchronizedGroups = (
				0028AB342F91C0EB00E6A87F /* Data */,
			);
			name = Data;
			productName = Data;
			productReference = 00F2F1FB2B2380000008F6F5 /* Data.framework */;
			productType = "com.apple.product-type.framework";
		};
		00F2F2012B2380000008F6F5 /* DataTests */ = {
			isa = PBXNativeTarget;
			buildConfigurationList = 00F2F20D2B2380000008F6F5 /* Build configuration list for PBXNativeTarget "DataTests" */;
			buildPhases = (
				00F2F1FE2B2380000008F6F5 /* Sources */,
				00F2F1FF2B2380000008F6F5 /* Frameworks */,
				00F2F2002B2380000008F6F5 /* Resources */,
			);
			buildRules = (
			);
			dependencies = (
				00F2F2052B2380000008F6F5 /* PBXTargetDependency */,
			);
			fileSystemSynchronizedGroups = (
				0028AB532F91C10700E6A87F /* DataTests */,
			);
			name = DataTests;
			productName = DataTests;
			productReference = 00F2F2022B2380000008F6F5 /* DataTests.xctest */;
			productType = "com.apple.product-type.bundle.unit-test";
		};
		00F2F2312B238D620008F6F5 /* Infra */ = {
			isa = PBXNativeTarget;
			buildConfigurationList = 00F2F2412B238D620008F6F5 /* Build configuration list for PBXNativeTarget "Infra" */;
			buildPhases = (
				00F2F22D2B238D620008F6F5 /* Headers */,
				00F2F22E2B238D620008F6F5 /* Sources */,
				00F2F22F2B238D620008F6F5 /* Frameworks */,
				00F2F2302B238D620008F6F5 /* Resources */,
				00F2F27E2B238F830008F6F5 /* Embed Frameworks */,
			);
			buildRules = (
			);
			dependencies = (
				00F2F27D2B238F820008F6F5 /* PBXTargetDependency */,
			);
			fileSystemSynchronizedGroups = (
				0028AAB32F91BF2600E6A87F /* Infra */,
			);
			name = Infra;
			productName = Infra;
			productReference = 00F2F2322B238D620008F6F5 /* Infra.framework */;
			productType = "com.apple.product-type.framework";
		};
		00F2F2382B238D620008F6F5 /* InfraTests */ = {
			isa = PBXNativeTarget;
			buildConfigurationList = 00F2F2442B238D620008F6F5 /* Build configuration list for PBXNativeTarget "InfraTests" */;
			buildPhases = (
				00F2F2352B238D620008F6F5 /* Sources */,
				00F2F2362B238D620008F6F5 /* Frameworks */,
				00F2F2372B238D620008F6F5 /* Resources */,
				00F2F2522B238D940008F6F5 /* Embed Frameworks */,
			);
			buildRules = (
			);
			dependencies = (
				00F2F23C2B238D620008F6F5 /* PBXTargetDependency */,
				00F2F24D2B238D940008F6F5 /* PBXTargetDependency */,
				00F2F2512B238D940008F6F5 /* PBXTargetDependency */,
			);
			fileSystemSynchronizedGroups = (
				0028AAD42F91BF8100E6A87F /* InfraTests */,
			);
			name = InfraTests;
			productName = InfraTests;
			productReference = 00F2F2392B238D620008F6F5 /* InfraTests.xctest */;
			productType = "com.apple.product-type.bundle.unit-test";
		};
		00F2F2562B238ECE0008F6F5 /* Main */ = {
			isa = PBXNativeTarget;
			buildConfigurationList = 00F2F2682B238ED00008F6F5 /* Build configuration list for PBXNativeTarget "Main" */;
			buildPhases = (
				00F2F2532B238ECE0008F6F5 /* Sources */,
				00F2F2542B238ECE0008F6F5 /* Frameworks */,
				00F2F2552B238ECE0008F6F5 /* Resources */,
				00F2F2792B238F5E0008F6F5 /* Embed Frameworks */,
				00D0ECBE2B29072400A2862B /* SwiftLint */,
			);
			buildRules = (
			);
			dependencies = (
				00F2F2702B238F5E0008F6F5 /* PBXTargetDependency */,
				00F2F2742B238F5E0008F6F5 /* PBXTargetDependency */,
				00F2F2782B238F5E0008F6F5 /* PBXTargetDependency */,
				00F2F3352B24E9E20008F6F5 /* PBXTargetDependency */,
				00F2F3392B24E9E50008F6F5 /* PBXTargetDependency */,
			);
			fileSystemSynchronizedGroups = (
				004833532F91C67F00384DF9 /* Main */,
			);
			name = Main;
			packageProductDependencies = (
			);
			productName = Main;
			productReference = 00F2F2572B238ECE0008F6F5 /* Main.app */;
			productType = "com.apple.product-type.application";
		};
		00F2F2A62B24CD020008F6F5 /* Presentation */ = {
			isa = PBXNativeTarget;
			buildConfigurationList = 00F2F2B62B24CD030008F6F5 /* Build configuration list for PBXNativeTarget "Presentation" */;
			buildPhases = (
				00F2F2A22B24CD020008F6F5 /* Headers */,
				00F2F2A32B24CD020008F6F5 /* Sources */,
				00F2F2A42B24CD020008F6F5 /* Frameworks */,
				00F2F2A52B24CD020008F6F5 /* Resources */,
				00F2F3262B24E75C0008F6F5 /* Embed Frameworks */,
			);
			buildRules = (
			);
			dependencies = (
				00F2F3252B24E75C0008F6F5 /* PBXTargetDependency */,
			);
			fileSystemSynchronizedGroups = (
				0028ABBD2F91C15300E6A87F /* Presentation */,
			);
			name = Presentation;
			productName = Presentation;
			productReference = 00F2F2A72B24CD020008F6F5 /* Presentation.framework */;
			productType = "com.apple.product-type.framework";
		};
		00F2F2AD2B24CD020008F6F5 /* PresentationTests */ = {
			isa = PBXNativeTarget;
			buildConfigurationList = 00F2F2B92B24CD030008F6F5 /* Build configuration list for PBXNativeTarget "PresentationTests" */;
			buildPhases = (
				00F2F2AA2B24CD020008F6F5 /* Sources */,
				00F2F2AB2B24CD020008F6F5 /* Frameworks */,
				00F2F2AC2B24CD020008F6F5 /* Resources */,
				00F2F2C02B24CD160008F6F5 /* Embed Frameworks */,
			);
			buildRules = (
			);
			dependencies = (
				00F2F2B12B24CD020008F6F5 /* PBXTargetDependency */,
				00F2F2BF2B24CD150008F6F5 /* PBXTargetDependency */,
			);
			fileSystemSynchronizedGroups = (
				0028ABE22F91C17900E6A87F /* PresentationTests */,
			);
			name = PresentationTests;
			productName = PresentationTests;
			productReference = 00F2F2AE2B24CD020008F6F5 /* PresentationTests.xctest */;
			productType = "com.apple.product-type.bundle.unit-test";
		};
		00F2F3052B24E7080008F6F5 /* UI */ = {
			isa = PBXNativeTarget;
			buildConfigurationList = 00F2F3192B24E7080008F6F5 /* Build configuration list for PBXNativeTarget "UI" */;
			buildPhases = (
				00F2F3012B24E7080008F6F5 /* Headers */,
				00F2F3022B24E7080008F6F5 /* Sources */,
				00F2F3032B24E7080008F6F5 /* Frameworks */,
				00F2F3042B24E7080008F6F5 /* Resources */,
				00F2F3212B24E7370008F6F5 /* Embed Frameworks */,
			);
			buildRules = (
			);
			dependencies = (
				00F2F3202B24E7370008F6F5 /* PBXTargetDependency */,
			);
			fileSystemSynchronizedGroups = (
				0028AC112F91C19300E6A87F /* UI */,
			);
			name = UI;
			productName = UI;
			productReference = 00F2F3062B24E7080008F6F5 /* UI.framework */;
			productType = "com.apple.product-type.framework";
		};
		00F2F30C2B24E7080008F6F5 /* UITests */ = {
			isa = PBXNativeTarget;
			buildConfigurationList = 00F2F31A2B24E7080008F6F5 /* Build configuration list for PBXNativeTarget "UITests" */;
			buildPhases = (
				00F2F3092B24E7080008F6F5 /* Sources */,
				00F2F30A2B24E7080008F6F5 /* Frameworks */,
				00F2F30B2B24E7080008F6F5 /* Resources */,
			);
			buildRules = (
			);
			dependencies = (
				00F2F3102B24E7080008F6F5 /* PBXTargetDependency */,
			);
			fileSystemSynchronizedGroups = (
				0028AC292F91C1B600E6A87F /* UITests */,
			);
			name = UITests;
			productName = UITests;
			productReference = 00F2F30D2B24E7080008F6F5 /* UITests.xctest */;
			productType = "com.apple.product-type.bundle.unit-test";
		};
/* End PBXNativeTarget section */

/* Begin PBXProject section */
		00F2F1C22B2373980008F6F5 /* Project object */ = {
			isa = PBXProject;
			attributes = {
				BuildIndependentTargetsInParallel = 1;
				LastSwiftUpdateCheck = 1500;
				LastUpgradeCheck = 1500;
				TargetAttributes = {
					00F2F1E52B2373B70008F6F5 = {
						CreatedOnToolsVersion = 15.0;
						LastSwiftMigration = 1500;
					};
					00F2F1FA2B2380000008F6F5 = {
						CreatedOnToolsVersion = 15.0;
						LastSwiftMigration = 1500;
					};
					00F2F2012B2380000008F6F5 = {
						CreatedOnToolsVersion = 15.0;
					};
					00F2F2312B238D620008F6F5 = {
						CreatedOnToolsVersion = 15.0;
						LastSwiftMigration = 1500;
					};
					00F2F2382B238D620008F6F5 = {
						CreatedOnToolsVersion = 15.0;
					};
					00F2F2562B238ECE0008F6F5 = {
						CreatedOnToolsVersion = 15.0;
					};
					00F2F2A62B24CD020008F6F5 = {
						CreatedOnToolsVersion = 15.0;
						LastSwiftMigration = 1500;
					};
					00F2F2AD2B24CD020008F6F5 = {
						CreatedOnToolsVersion = 15.0;
					};
					00F2F3052B24E7080008F6F5 = {
						CreatedOnToolsVersion = 15.0;
						LastSwiftMigration = 1500;
					};
					00F2F30C2B24E7080008F6F5 = {
						CreatedOnToolsVersion = 15.0;
					};
				};
			};
			buildConfigurationList = 00F2F1C52B2373980008F6F5 /* Build configuration list for PBXProject "SongWrittingApp" */;
			developmentRegion = en;
			hasScannedForEncodings = 0;
			knownRegions = (
				en,
				Base,
			);
			mainGroup = 00F2F1C12B2373980008F6F5;
			packageReferences = (
			);
			preferredProjectObjectVersion = 56;
			productRefGroup = 00F2F1CB2B2373980008F6F5 /* Products */;
			projectDirPath = "";
			projectRoot = "";
			targets = (
				00F2F1E52B2373B70008F6F5 /* Domain */,
				00F2F1FA2B2380000008F6F5 /* Data */,
				00F2F2012B2380000008F6F5 /* DataTests */,
				00F2F2312B238D620008F6F5 /* Infra */,
				00F2F2382B238D620008F6F5 /* InfraTests */,
				00F2F2562B238ECE0008F6F5 /* Main */,
				00F2F2A62B24CD020008F6F5 /* Presentation */,
				00F2F2AD2B24CD020008F6F5 /* PresentationTests */,
				00F2F3052B24E7080008F6F5 /* UI */,
				00F2F30C2B24E7080008F6F5 /* UITests */,
			);
		};
/* End PBXProject section */

/* Begin PBXResourcesBuildPhase section */
		00F2F1E42B2373B70008F6F5 /* Resources */ = {
			isa = PBXResourcesBuildPhase;
			buildActionMask = 2147483647;
			files = (
			);
			runOnlyForDeploymentPostprocessing = 0;
		};
		00F2F1F92B2380000008F6F5 /* Resources */ = {
			isa = PBXResourcesBuildPhase;
			buildActionMask = 2147483647;
			files = (
			);
			runOnlyForDeploymentPostprocessing = 0;
		};
		00F2F2002B2380000008F6F5 /* Resources */ = {
			isa = PBXResourcesBuildPhase;
			buildActionMask = 2147483647;
			files = (
			);
			runOnlyForDeploymentPostprocessing = 0;
		};
		00F2F2302B238D620008F6F5 /* Resources */ = {
			isa = PBXResourcesBuildPhase;
			buildActionMask = 2147483647;
			files = (
			);
			runOnlyForDeploymentPostprocessing = 0;
		};
		00F2F2372B238D620008F6F5 /* Resources */ = {
			isa = PBXResourcesBuildPhase;
			buildActionMask = 2147483647;
			files = (
			);
			runOnlyForDeploymentPostprocessing = 0;
		};
		00F2F2552B238ECE0008F6F5 /* Resources */ = {
			isa = PBXResourcesBuildPhase;
			buildActionMask = 2147483647;
			files = (
			);
			runOnlyForDeploymentPostprocessing = 0;
		};
		00F2F2A52B24CD020008F6F5 /* Resources */ = {
			isa = PBXResourcesBuildPhase;
			buildActionMask = 2147483647;
			files = (
			);
			runOnlyForDeploymentPostprocessing = 0;
		};
		00F2F2AC2B24CD020008F6F5 /* Resources */ = {
			isa = PBXResourcesBuildPhase;
			buildActionMask = 2147483647;
			files = (
			);
			runOnlyForDeploymentPostprocessing = 0;
		};
		00F2F3042B24E7080008F6F5 /* Resources */ = {
			isa = PBXResourcesBuildPhase;
			buildActionMask = 2147483647;
			files = (
			);
			runOnlyForDeploymentPostprocessing = 0;
		};
		00F2F30B2B24E7080008F6F5 /* Resources */ = {
			isa = PBXResourcesBuildPhase;
			buildActionMask = 2147483647;
			files = (
			);
			runOnlyForDeploymentPostprocessing = 0;
		};
/* End PBXResourcesBuildPhase section */

/* Begin PBXShellScriptBuildPhase section */
		00D0ECBE2B29072400A2862B /* SwiftLint */ = {
			isa = PBXShellScriptBuildPhase;
			alwaysOutOfDate = 1;
			buildActionMask = 8;
			files = (
			);
			inputFileListPaths = (
			);
			inputPaths = (
			);
			name = SwiftLint;
			outputFileListPaths = (
			);
			outputPaths = (
			);
			runOnlyForDeploymentPostprocessing = 1;
			shellPath = /bin/sh;
			shellScript = "export PATH=\"$PATH:/opt/homebrew/bin\"\n\nif which swiftlint > /dev/null; then\n  swiftlint\nelse\n  echo \"warning: SwiftLint not installed, download from https://github.com/realm/SwiftLint\"\nfi\n";
		};
/* End PBXShellScriptBuildPhase section */

/* Begin PBXSourcesBuildPhase section */
		00F2F1E22B2373B70008F6F5 /* Sources */ = {
			isa = PBXSourcesBuildPhase;
			buildActionMask = 2147483647;
			files = (
			);
			runOnlyForDeploymentPostprocessing = 0;
		};
		00F2F1F72B2380000008F6F5 /* Sources */ = {
			isa = PBXSourcesBuildPhase;
			buildActionMask = 2147483647;
			files = (
			);
			runOnlyForDeploymentPostprocessing = 0;
		};
		00F2F1FE2B2380000008F6F5 /* Sources */ = {
			isa = PBXSourcesBuildPhase;
			buildActionMask = 2147483647;
			files = (
			);
			runOnlyForDeploymentPostprocessing = 0;
		};
		00F2F22E2B238D620008F6F5 /* Sources */ = {
			isa = PBXSourcesBuildPhase;
			buildActionMask = 2147483647;
			files = (
			);
			runOnlyForDeploymentPostprocessing = 0;
		};
		00F2F2352B238D620008F6F5 /* Sources */ = {
			isa = PBXSourcesBuildPhase;
			buildActionMask = 2147483647;
			files = (
			);
			runOnlyForDeploymentPostprocessing = 0;
		};
		00F2F2532B238ECE0008F6F5 /* Sources */ = {
			isa = PBXSourcesBuildPhase;
			buildActionMask = 2147483647;
			files = (
			);
			runOnlyForDeploymentPostprocessing = 0;
		};
		00F2F2A32B24CD020008F6F5 /* Sources */ = {
			isa = PBXSourcesBuildPhase;
			buildActionMask = 2147483647;
			files = (
			);
			runOnlyForDeploymentPostprocessing = 0;
		};
		00F2F2AA2B24CD020008F6F5 /* Sources */ = {
			isa = PBXSourcesBuildPhase;
			buildActionMask = 2147483647;
			files = (
			);
			runOnlyForDeploymentPostprocessing = 0;
		};
		00F2F3022B24E7080008F6F5 /* Sources */ = {
			isa = PBXSourcesBuildPhase;
			buildActionMask = 2147483647;
			files = (
			);
			runOnlyForDeploymentPostprocessing = 0;
		};
		00F2F3092B24E7080008F6F5 /* Sources */ = {
			isa = PBXSourcesBuildPhase;
			buildActionMask = 2147483647;
			files = (
			);
			runOnlyForDeploymentPostprocessing = 0;
		};
/* End PBXSourcesBuildPhase section */

/* Begin PBXTargetDependency section */
		00F2F2052B2380000008F6F5 /* PBXTargetDependency */ = {
			isa = PBXTargetDependency;
			target = 00F2F1FA2B2380000008F6F5 /* Data */;
			targetProxy = 00F2F2042B2380000008F6F5 /* PBXContainerItemProxy */;
		};
		00F2F2172B2380240008F6F5 /* PBXTargetDependency */ = {
			isa = PBXTargetDependency;
			target = 00F2F1E52B2373B70008F6F5 /* Domain */;
			targetProxy = 00F2F2162B2380240008F6F5 /* PBXContainerItemProxy */;
		};
		00F2F23C2B238D620008F6F5 /* PBXTargetDependency */ = {
			isa = PBXTargetDependency;
			target = 00F2F2312B238D620008F6F5 /* Infra */;
			targetProxy = 00F2F23B2B238D620008F6F5 /* PBXContainerItemProxy */;
		};
		00F2F24D2B238D940008F6F5 /* PBXTargetDependency */ = {
			isa = PBXTargetDependency;
			target = 00F2F1FA2B2380000008F6F5 /* Data */;
			targetProxy = 00F2F24C2B238D940008F6F5 /* PBXContainerItemProxy */;
		};
		00F2F2512B238D940008F6F5 /* PBXTargetDependency */ = {
			isa = PBXTargetDependency;
			target = 00F2F1E52B2373B70008F6F5 /* Domain */;
			targetProxy = 00F2F2502B238D940008F6F5 /* PBXContainerItemProxy */;
		};
		00F2F2702B238F5E0008F6F5 /* PBXTargetDependency */ = {
			isa = PBXTargetDependency;
			target = 00F2F1FA2B2380000008F6F5 /* Data */;
			targetProxy = 00F2F26F2B238F5E0008F6F5 /* PBXContainerItemProxy */;
		};
		00F2F2742B238F5E0008F6F5 /* PBXTargetDependency */ = {
			isa = PBXTargetDependency;
			target = 00F2F1E52B2373B70008F6F5 /* Domain */;
			targetProxy = 00F2F2732B238F5E0008F6F5 /* PBXContainerItemProxy */;
		};
		00F2F2782B238F5E0008F6F5 /* PBXTargetDependency */ = {
			isa = PBXTargetDependency;
			target = 00F2F2312B238D620008F6F5 /* Infra */;
			targetProxy = 00F2F2772B238F5E0008F6F5 /* PBXContainerItemProxy */;
		};
		00F2F27D2B238F820008F6F5 /* PBXTargetDependency */ = {
			isa = PBXTargetDependency;
			target = 00F2F1FA2B2380000008F6F5 /* Data */;
			targetProxy = 00F2F27C2B238F820008F6F5 /* PBXContainerItemProxy */;
		};
		00F2F2B12B24CD020008F6F5 /* PBXTargetDependency */ = {
			isa = PBXTargetDependency;
			target = 00F2F2A62B24CD020008F6F5 /* Presentation */;
			targetProxy = 00F2F2B02B24CD020008F6F5 /* PBXContainerItemProxy */;
		};
		00F2F2BF2B24CD150008F6F5 /* PBXTargetDependency */ = {
			isa = PBXTargetDependency;
			target = 00F2F1E52B2373B70008F6F5 /* Domain */;
			targetProxy = 00F2F2BE2B24CD150008F6F5 /* PBXContainerItemProxy */;
		};
		00F2F3102B24E7080008F6F5 /* PBXTargetDependency */ = {
			isa = PBXTargetDependency;
			target = 00F2F3052B24E7080008F6F5 /* UI */;
			targetProxy = 00F2F30F2B24E7080008F6F5 /* PBXContainerItemProxy */;
		};
		00F2F3202B24E7370008F6F5 /* PBXTargetDependency */ = {
			isa = PBXTargetDependency;
			target = 00F2F2A62B24CD020008F6F5 /* Presentation */;
			targetProxy = 00F2F31F2B24E7370008F6F5 /* PBXContainerItemProxy */;
		};
		00F2F3252B24E75C0008F6F5 /* PBXTargetDependency */ = {
			isa = PBXTargetDependency;
			target = 00F2F1E52B2373B70008F6F5 /* Domain */;
			targetProxy = 00F2F3242B24E75C0008F6F5 /* PBXContainerItemProxy */;
		};
		00F2F3352B24E9E20008F6F5 /* PBXTargetDependency */ = {
			isa = PBXTargetDependency;
			target = 00F2F2A62B24CD020008F6F5 /* Presentation */;
			targetProxy = 00F2F3342B24E9E20008F6F5 /* PBXContainerItemProxy */;
		};
		00F2F3392B24E9E50008F6F5 /* PBXTargetDependency */ = {
			isa = PBXTargetDependency;
			target = 00F2F3052B24E7080008F6F5 /* UI */;
			targetProxy = 00F2F3382B24E9E50008F6F5 /* PBXContainerItemProxy */;
		};
/* End PBXTargetDependency section */

/* Begin XCBuildConfiguration section */
		00F2F1DC2B2373990008F6F5 /* Debug */ = {
			isa = XCBuildConfiguration;
			buildSettings = {
				ALWAYS_SEARCH_USER_PATHS = NO;
				ASSETCATALOG_COMPILER_GENERATE_SWIFT_ASSET_SYMBOL_EXTENSIONS = YES;
				CLANG_ANALYZER_NONNULL = YES;
				CLANG_ANALYZER_NUMBER_OBJECT_CONVERSION = YES_AGGRESSIVE;
				CLANG_CXX_LANGUAGE_STANDARD = "gnu++20";
				CLANG_ENABLE_MODULES = YES;
				CLANG_ENABLE_OBJC_ARC = YES;
				CLANG_ENABLE_OBJC_WEAK = YES;
				CLANG_WARN_BLOCK_CAPTURE_AUTORELEASING = YES;
				CLANG_WARN_BOOL_CONVERSION = YES;
				CLANG_WARN_COMMA = YES;
				CLANG_WARN_CONSTANT_CONVERSION = YES;
				CLANG_WARN_DEPRECATED_OBJC_IMPLEMENTATIONS = YES;
				CLANG_WARN_DIRECT_OBJC_ISA_USAGE = YES_ERROR;
				CLANG_WARN_DOCUMENTATION_COMMENTS = YES;
				CLANG_WARN_EMPTY_BODY = YES;
				CLANG_WARN_ENUM_CONVERSION = YES;
				CLANG_WARN_INFINITE_RECURSION = YES;
				CLANG_WARN_INT_CONVERSION = YES;
				CLANG_WARN_NON_LITERAL_NULL_CONVERSION = YES;
				CLANG_WARN_OBJC_IMPLICIT_RETAIN_SELF = YES;
				CLANG_WARN_OBJC_LITERAL_CONVERSION = YES;
				CLANG_WARN_OBJC_ROOT_CLASS = YES_ERROR;
				CLANG_WARN_QUOTED_INCLUDE_IN_FRAMEWORK_HEADER = YES;
				CLANG_WARN_RANGE_LOOP_ANALYSIS = YES;
				CLANG_WARN_STRICT_PROTOTYPES = YES;
				CLANG_WARN_SUSPICIOUS_MOVE = YES;
				CLANG_WARN_UNGUARDED_AVAILABILITY = YES_AGGRESSIVE;
				CLANG_WARN_UNREACHABLE_CODE = YES;
				CLANG_WARN__DUPLICATE_METHOD_MATCH = YES;
				COPY_PHASE_STRIP = NO;
				DEBUG_INFORMATION_FORMAT = dwarf;
				ENABLE_STRICT_OBJC_MSGSEND = YES;
				ENABLE_TESTABILITY = YES;
				ENABLE_USER_SCRIPT_SANDBOXING = NO;
				GCC_C_LANGUAGE_STANDARD = gnu17;
				GCC_DYNAMIC_NO_PIC = NO;
				GCC_NO_COMMON_BLOCKS = YES;
				GCC_OPTIMIZATION_LEVEL = 0;
				GCC_PREPROCESSOR_DEFINITIONS = (
					"DEBUG=1",
					"$(inherited)",
				);
				GCC_WARN_64_TO_32_BIT_CONVERSION = YES;
				GCC_WARN_ABOUT_RETURN_TYPE = YES_ERROR;
				GCC_WARN_UNDECLARED_SELECTOR = YES;
				GCC_WARN_UNINITIALIZED_AUTOS = YES_AGGRESSIVE;
				GCC_WARN_UNUSED_FUNCTION = YES;
				GCC_WARN_UNUSED_VARIABLE = YES;
				IPHONEOS_DEPLOYMENT_TARGET = 17.0;
				LOCALIZATION_PREFERS_STRING_CATALOGS = YES;
				MTL_ENABLE_DEBUG_INFO = INCLUDE_SOURCE;
				MTL_FAST_MATH = YES;
				ONLY_ACTIVE_ARCH = YES;
				SDKROOT = iphoneos;
				SWIFT_ACTIVE_COMPILATION_CONDITIONS = "DEBUG $(inherited)";
				SWIFT_OPTIMIZATION_LEVEL = "-Onone";
			};
			name = Debug;
		};
		00F2F1DD2B2373990008F6F5 /* Release */ = {
			isa = XCBuildConfiguration;
			buildSettings = {
				ALWAYS_SEARCH_USER_PATHS = NO;
				ASSETCATALOG_COMPILER_GENERATE_SWIFT_ASSET_SYMBOL_EXTENSIONS = YES;
				CLANG_ANALYZER_NONNULL = YES;
				CLANG_ANALYZER_NUMBER_OBJECT_CONVERSION = YES_AGGRESSIVE;
				CLANG_CXX_LANGUAGE_STANDARD = "gnu++20";
				CLANG_ENABLE_MODULES = YES;
				CLANG_ENABLE_OBJC_ARC = YES;
				CLANG_ENABLE_OBJC_WEAK = YES;
				CLANG_WARN_BLOCK_CAPTURE_AUTORELEASING = YES;
				CLANG_WARN_BOOL_CONVERSION = YES;
				CLANG_WARN_COMMA = YES;
				CLANG_WARN_CONSTANT_CONVERSION = YES;
				CLANG_WARN_DEPRECATED_OBJC_IMPLEMENTATIONS = YES;
				CLANG_WARN_DIRECT_OBJC_ISA_USAGE = YES_ERROR;
				CLANG_WARN_DOCUMENTATION_COMMENTS = YES;
				CLANG_WARN_EMPTY_BODY = YES;
				CLANG_WARN_ENUM_CONVERSION = YES;
				CLANG_WARN_INFINITE_RECURSION = YES;
				CLANG_WARN_INT_CONVERSION = YES;
				CLANG_WARN_NON_LITERAL_NULL_CONVERSION = YES;
				CLANG_WARN_OBJC_IMPLICIT_RETAIN_SELF = YES;
				CLANG_WARN_OBJC_LITERAL_CONVERSION = YES;
				CLANG_WARN_OBJC_ROOT_CLASS = YES_ERROR;
				CLANG_WARN_QUOTED_INCLUDE_IN_FRAMEWORK_HEADER = YES;
				CLANG_WARN_RANGE_LOOP_ANALYSIS = YES;
				CLANG_WARN_STRICT_PROTOTYPES = YES;
				CLANG_WARN_SUSPICIOUS_MOVE = YES;
				CLANG_WARN_UNGUARDED_AVAILABILITY = YES_AGGRESSIVE;
				CLANG_WARN_UNREACHABLE_CODE = YES;
				CLANG_WARN__DUPLICATE_METHOD_MATCH = YES;
				COPY_PHASE_STRIP = NO;
				DEBUG_INFORMATION_FORMAT = "dwarf-with-dsym";
				ENABLE_NS_ASSERTIONS = NO;
				ENABLE_STRICT_OBJC_MSGSEND = YES;
				ENABLE_USER_SCRIPT_SANDBOXING = NO;
				GCC_C_LANGUAGE_STANDARD = gnu17;
				GCC_NO_COMMON_BLOCKS = YES;
				GCC_WARN_64_TO_32_BIT_CONVERSION = YES;
				GCC_WARN_ABOUT_RETURN_TYPE = YES_ERROR;
				GCC_WARN_UNDECLARED_SELECTOR = YES;
				GCC_WARN_UNINITIALIZED_AUTOS = YES_AGGRESSIVE;
				GCC_WARN_UNUSED_FUNCTION = YES;
				GCC_WARN_UNUSED_VARIABLE = YES;
				IPHONEOS_DEPLOYMENT_TARGET = 17.0;
				LOCALIZATION_PREFERS_STRING_CATALOGS = YES;
				MTL_ENABLE_DEBUG_INFO = NO;
				MTL_FAST_MATH = YES;
				SDKROOT = iphoneos;
				SWIFT_COMPILATION_MODE = wholemodule;
				VALIDATE_PRODUCT = YES;
			};
			name = Release;
		};
		00F2F1EB2B2373B70008F6F5 /* Debug */ = {
			isa = XCBuildConfiguration;
			buildSettings = {
				CLANG_ENABLE_MODULES = YES;
				CODE_SIGN_STYLE = Automatic;
				COMBINE_HIDPI_IMAGES = YES;
				CURRENT_PROJECT_VERSION = 1;
				DEFINES_MODULE = YES;
				DEVELOPMENT_TEAM = 685GVH2XJC;
				DYLIB_COMPATIBILITY_VERSION = 1;
				DYLIB_CURRENT_VERSION = 1;
				DYLIB_INSTALL_NAME_BASE = "@rpath";
				ENABLE_MODULE_VERIFIER = YES;
				GENERATE_INFOPLIST_FILE = YES;
				INFOPLIST_KEY_NSHumanReadableCopyright = "";
				INSTALL_PATH = "$(LOCAL_LIBRARY_DIR)/Frameworks";
				IPHONEOS_DEPLOYMENT_TARGET = 16.0;
				LD_RUNPATH_SEARCH_PATHS = (
					"$(inherited)",
					"@executable_path/../Frameworks",
					"@loader_path/Frameworks",
				);
				MACOSX_DEPLOYMENT_TARGET = 13.6;
				MARKETING_VERSION = 1.0;
				MODULE_VERIFIER_SUPPORTED_LANGUAGES = "objective-c objective-c++";
				MODULE_VERIFIER_SUPPORTED_LANGUAGE_STANDARDS = "gnu17 gnu++20";
				PRODUCT_BUNDLE_IDENTIFIER = thiagohba.com.Domain;
				PRODUCT_NAME = "$(TARGET_NAME:c99extidentifier)";
				SDKROOT = iphoneos;
				SKIP_INSTALL = YES;
				SUPPORTED_PLATFORMS = "iphoneos iphonesimulator";
				SUPPORTS_MACCATALYST = NO;
				SWIFT_EMIT_LOC_STRINGS = YES;
				SWIFT_OPTIMIZATION_LEVEL = "-Onone";
				SWIFT_VERSION = 5.0;
				TARGETED_DEVICE_FAMILY = 1;
				VERSIONING_SYSTEM = "apple-generic";
				VERSION_INFO_PREFIX = "";
			};
			name = Debug;
		};
		00F2F1EC2B2373B70008F6F5 /* Release */ = {
			isa = XCBuildConfiguration;
			buildSettings = {
				CLANG_ENABLE_MODULES = YES;
				CODE_SIGN_STYLE = Automatic;
				COMBINE_HIDPI_IMAGES = YES;
				CURRENT_PROJECT_VERSION = 1;
				DEFINES_MODULE = YES;
				DEVELOPMENT_TEAM = 685GVH2XJC;
				DYLIB_COMPATIBILITY_VERSION = 1;
				DYLIB_CURRENT_VERSION = 1;
				DYLIB_INSTALL_NAME_BASE = "@rpath";
				ENABLE_MODULE_VERIFIER = YES;
				GENERATE_INFOPLIST_FILE = YES;
				INFOPLIST_KEY_NSHumanReadableCopyright = "";
				INSTALL_PATH = "$(LOCAL_LIBRARY_DIR)/Frameworks";
				IPHONEOS_DEPLOYMENT_TARGET = 16.0;
				LD_RUNPATH_SEARCH_PATHS = (
					"$(inherited)",
					"@executable_path/../Frameworks",
					"@loader_path/Frameworks",
				);
				MACOSX_DEPLOYMENT_TARGET = 13.6;
				MARKETING_VERSION = 1.0;
				MODULE_VERIFIER_SUPPORTED_LANGUAGES = "objective-c objective-c++";
				MODULE_VERIFIER_SUPPORTED_LANGUAGE_STANDARDS = "gnu17 gnu++20";
				PRODUCT_BUNDLE_IDENTIFIER = thiagohba.com.Domain;
				PRODUCT_NAME = "$(TARGET_NAME:c99extidentifier)";
				SDKROOT = iphoneos;
				SKIP_INSTALL = YES;
				SUPPORTED_PLATFORMS = "iphoneos iphonesimulator";
				SUPPORTS_MACCATALYST = NO;
				SWIFT_EMIT_LOC_STRINGS = YES;
				SWIFT_VERSION = 5.0;
				TARGETED_DEVICE_FAMILY = 1;
				VERSIONING_SYSTEM = "apple-generic";
				VERSION_INFO_PREFIX = "";
			};
			name = Release;
		};
		00F2F20B2B2380000008F6F5 /* Debug */ = {
			isa = XCBuildConfiguration;
			buildSettings = {
				CLANG_ENABLE_MODULES = YES;
				CODE_SIGN_STYLE = Automatic;
				COMBINE_HIDPI_IMAGES = YES;
				CURRENT_PROJECT_VERSION = 1;
				DEFINES_MODULE = YES;
				DEVELOPMENT_TEAM = 685GVH2XJC;
				DYLIB_COMPATIBILITY_VERSION = 1;
				DYLIB_CURRENT_VERSION = 1;
				DYLIB_INSTALL_NAME_BASE = "@rpath";
				ENABLE_MODULE_VERIFIER = YES;
				GENERATE_INFOPLIST_FILE = YES;
				INFOPLIST_KEY_NSHumanReadableCopyright = "";
				INSTALL_PATH = "$(LOCAL_LIBRARY_DIR)/Frameworks";
				IPHONEOS_DEPLOYMENT_TARGET = 16.0;
				LD_RUNPATH_SEARCH_PATHS = (
					"$(inherited)",
					"@executable_path/../Frameworks",
					"@loader_path/Frameworks",
				);
				MACOSX_DEPLOYMENT_TARGET = 13.6;
				MARKETING_VERSION = 1.0;
				MODULE_VERIFIER_SUPPORTED_LANGUAGES = "objective-c objective-c++";
				MODULE_VERIFIER_SUPPORTED_LANGUAGE_STANDARDS = "gnu17 gnu++20";
				PRODUCT_BUNDLE_IDENTIFIER = thiagohba.com.Data;
				PRODUCT_NAME = "$(TARGET_NAME:c99extidentifier)";
				SDKROOT = iphoneos;
				SKIP_INSTALL = YES;
				SUPPORTED_PLATFORMS = "iphoneos iphonesimulator";
				SUPPORTS_MACCATALYST = NO;
				SWIFT_EMIT_LOC_STRINGS = YES;
				SWIFT_OPTIMIZATION_LEVEL = "-Onone";
				SWIFT_VERSION = 5.0;
				TARGETED_DEVICE_FAMILY = 1;
				VERSIONING_SYSTEM = "apple-generic";
				VERSION_INFO_PREFIX = "";
			};
			name = Debug;
		};
		00F2F20C2B2380000008F6F5 /* Release */ = {
			isa = XCBuildConfiguration;
			buildSettings = {
				CLANG_ENABLE_MODULES = YES;
				CODE_SIGN_STYLE = Automatic;
				COMBINE_HIDPI_IMAGES = YES;
				CURRENT_PROJECT_VERSION = 1;
				DEFINES_MODULE = YES;
				DEVELOPMENT_TEAM = 685GVH2XJC;
				DYLIB_COMPATIBILITY_VERSION = 1;
				DYLIB_CURRENT_VERSION = 1;
				DYLIB_INSTALL_NAME_BASE = "@rpath";
				ENABLE_MODULE_VERIFIER = YES;
				GENERATE_INFOPLIST_FILE = YES;
				INFOPLIST_KEY_NSHumanReadableCopyright = "";
				INSTALL_PATH = "$(LOCAL_LIBRARY_DIR)/Frameworks";
				IPHONEOS_DEPLOYMENT_TARGET = 16.0;
				LD_RUNPATH_SEARCH_PATHS = (
					"$(inherited)",
					"@executable_path/../Frameworks",
					"@loader_path/Frameworks",
				);
				MACOSX_DEPLOYMENT_TARGET = 13.6;
				MARKETING_VERSION = 1.0;
				MODULE_VERIFIER_SUPPORTED_LANGUAGES = "objective-c objective-c++";
				MODULE_VERIFIER_SUPPORTED_LANGUAGE_STANDARDS = "gnu17 gnu++20";
				PRODUCT_BUNDLE_IDENTIFIER = thiagohba.com.Data;
				PRODUCT_NAME = "$(TARGET_NAME:c99extidentifier)";
				SDKROOT = iphoneos;
				SKIP_INSTALL = YES;
				SUPPORTED_PLATFORMS = "iphoneos iphonesimulator";
				SUPPORTS_MACCATALYST = NO;
				SWIFT_EMIT_LOC_STRINGS = YES;
				SWIFT_VERSION = 5.0;
				TARGETED_DEVICE_FAMILY = 1;
				VERSIONING_SYSTEM = "apple-generic";
				VERSION_INFO_PREFIX = "";
			};
			name = Release;
		};
		00F2F20E2B2380000008F6F5 /* Debug */ = {
			isa = XCBuildConfiguration;
			buildSettings = {
				CODE_SIGN_STYLE = Automatic;
				CURRENT_PROJECT_VERSION = 1;
				DEVELOPMENT_TEAM = 685GVH2XJC;
				GENERATE_INFOPLIST_FILE = YES;
				MACOSX_DEPLOYMENT_TARGET = 13.6;
				MARKETING_VERSION = 1.0;
				PRODUCT_BUNDLE_IDENTIFIER = thiagohba.com.DataTests;
				PRODUCT_NAME = "$(TARGET_NAME)";
				SDKROOT = iphoneos;
				SUPPORTED_PLATFORMS = "iphoneos iphonesimulator";
				SWIFT_EMIT_LOC_STRINGS = NO;
				SWIFT_VERSION = 5.0;
			};
			name = Debug;
		};
		00F2F20F2B2380000008F6F5 /* Release */ = {
			isa = XCBuildConfiguration;
			buildSettings = {
				CODE_SIGN_STYLE = Automatic;
				CURRENT_PROJECT_VERSION = 1;
				DEVELOPMENT_TEAM = 685GVH2XJC;
				GENERATE_INFOPLIST_FILE = YES;
				MACOSX_DEPLOYMENT_TARGET = 13.6;
				MARKETING_VERSION = 1.0;
				PRODUCT_BUNDLE_IDENTIFIER = thiagohba.com.DataTests;
				PRODUCT_NAME = "$(TARGET_NAME)";
				SDKROOT = iphoneos;
				SUPPORTED_PLATFORMS = "iphoneos iphonesimulator";
				SWIFT_EMIT_LOC_STRINGS = NO;
				SWIFT_VERSION = 5.0;
			};
			name = Release;
		};
		00F2F2422B238D620008F6F5 /* Debug */ = {
			isa = XCBuildConfiguration;
			buildSettings = {
				CLANG_ENABLE_MODULES = YES;
				CODE_SIGN_STYLE = Automatic;
				COMBINE_HIDPI_IMAGES = YES;
				CURRENT_PROJECT_VERSION = 1;
				DEFINES_MODULE = YES;
				DEVELOPMENT_TEAM = 685GVH2XJC;
				DYLIB_COMPATIBILITY_VERSION = 1;
				DYLIB_CURRENT_VERSION = 1;
				DYLIB_INSTALL_NAME_BASE = "@rpath";
				ENABLE_MODULE_VERIFIER = YES;
				GENERATE_INFOPLIST_FILE = YES;
				INFOPLIST_KEY_NSHumanReadableCopyright = "";
				INSTALL_PATH = "$(LOCAL_LIBRARY_DIR)/Frameworks";
				IPHONEOS_DEPLOYMENT_TARGET = 16.0;
				LD_RUNPATH_SEARCH_PATHS = (
					"$(inherited)",
					"@executable_path/../Frameworks",
					"@loader_path/Frameworks",
				);
				MACOSX_DEPLOYMENT_TARGET = 13.6;
				MARKETING_VERSION = 1.0;
				MODULE_VERIFIER_SUPPORTED_LANGUAGES = "objective-c objective-c++";
				MODULE_VERIFIER_SUPPORTED_LANGUAGE_STANDARDS = "gnu17 gnu++20";
				PRODUCT_BUNDLE_IDENTIFIER = thiagohba.com.Infra;
				PRODUCT_NAME = "$(TARGET_NAME:c99extidentifier)";
				SDKROOT = iphoneos;
				SKIP_INSTALL = YES;
				SUPPORTED_PLATFORMS = "iphoneos iphonesimulator";
				SUPPORTS_MACCATALYST = NO;
				SWIFT_EMIT_LOC_STRINGS = YES;
				SWIFT_OPTIMIZATION_LEVEL = "-Onone";
				SWIFT_VERSION = 5.0;
				TARGETED_DEVICE_FAMILY = 1;
				VERSIONING_SYSTEM = "apple-generic";
				VERSION_INFO_PREFIX = "";
			};
			name = Debug;
		};
		00F2F2432B238D620008F6F5 /* Release */ = {
			isa = XCBuildConfiguration;
			buildSettings = {
				CLANG_ENABLE_MODULES = YES;
				CODE_SIGN_STYLE = Automatic;
				COMBINE_HIDPI_IMAGES = YES;
				CURRENT_PROJECT_VERSION = 1;
				DEFINES_MODULE = YES;
				DEVELOPMENT_TEAM = 685GVH2XJC;
				DYLIB_COMPATIBILITY_VERSION = 1;
				DYLIB_CURRENT_VERSION = 1;
				DYLIB_INSTALL_NAME_BASE = "@rpath";
				ENABLE_MODULE_VERIFIER = YES;
				GENERATE_INFOPLIST_FILE = YES;
				INFOPLIST_KEY_NSHumanReadableCopyright = "";
				INSTALL_PATH = "$(LOCAL_LIBRARY_DIR)/Frameworks";
				IPHONEOS_DEPLOYMENT_TARGET = 16.0;
				LD_RUNPATH_SEARCH_PATHS = (
					"$(inherited)",
					"@executable_path/../Frameworks",
					"@loader_path/Frameworks",
				);
				MACOSX_DEPLOYMENT_TARGET = 13.6;
				MARKETING_VERSION = 1.0;
				MODULE_VERIFIER_SUPPORTED_LANGUAGES = "objective-c objective-c++";
				MODULE_VERIFIER_SUPPORTED_LANGUAGE_STANDARDS = "gnu17 gnu++20";
				PRODUCT_BUNDLE_IDENTIFIER = thiagohba.com.Infra;
				PRODUCT_NAME = "$(TARGET_NAME:c99extidentifier)";
				SDKROOT = iphoneos;
				SKIP_INSTALL = YES;
				SUPPORTED_PLATFORMS = "iphoneos iphonesimulator";
				SUPPORTS_MACCATALYST = NO;
				SWIFT_EMIT_LOC_STRINGS = YES;
				SWIFT_VERSION = 5.0;
				TARGETED_DEVICE_FAMILY = 1;
				VERSIONING_SYSTEM = "apple-generic";
				VERSION_INFO_PREFIX = "";
			};
			name = Release;
		};
		00F2F2452B238D620008F6F5 /* Debug */ = {
			isa = XCBuildConfiguration;
			buildSettings = {
				CODE_SIGN_STYLE = Automatic;
				CURRENT_PROJECT_VERSION = 1;
				DEVELOPMENT_TEAM = 685GVH2XJC;
				GENERATE_INFOPLIST_FILE = YES;
				MACOSX_DEPLOYMENT_TARGET = 13.6;
				MARKETING_VERSION = 1.0;
				PRODUCT_BUNDLE_IDENTIFIER = thiagohba.com.InfraTests;
				PRODUCT_NAME = "$(TARGET_NAME)";
				SDKROOT = iphoneos;
				SUPPORTED_PLATFORMS = "iphoneos iphonesimulator";
				SWIFT_EMIT_LOC_STRINGS = NO;
				SWIFT_VERSION = 5.0;
			};
			name = Debug;
		};
		00F2F2462B238D620008F6F5 /* Release */ = {
			isa = XCBuildConfiguration;
			buildSettings = {
				CODE_SIGN_STYLE = Automatic;
				CURRENT_PROJECT_VERSION = 1;
				DEVELOPMENT_TEAM = 685GVH2XJC;
				GENERATE_INFOPLIST_FILE = YES;
				MACOSX_DEPLOYMENT_TARGET = 13.6;
				MARKETING_VERSION = 1.0;
				PRODUCT_BUNDLE_IDENTIFIER = thiagohba.com.InfraTests;
				PRODUCT_NAME = "$(TARGET_NAME)";
				SDKROOT = iphoneos;
				SUPPORTED_PLATFORMS = "iphoneos iphonesimulator";
				SWIFT_EMIT_LOC_STRINGS = NO;
				SWIFT_VERSION = 5.0;
			};
			name = Release;
		};
		00F2F2692B238ED00008F6F5 /* Debug */ = {
			isa = XCBuildConfiguration;
			buildSettings = {
				ASSETCATALOG_COMPILER_APPICON_NAME = AppIcon;
				ASSETCATALOG_COMPILER_GENERATE_ASSET_SYMBOLS = YES;
				ASSETCATALOG_COMPILER_GLOBAL_ACCENT_COLOR_NAME = AccentColor;
				CODE_SIGN_STYLE = Automatic;
				CURRENT_PROJECT_VERSION = 1;
				DEVELOPMENT_TEAM = 685GVH2XJC;
				GENERATE_INFOPLIST_FILE = YES;
				INFOPLIST_FILE = Main/Info.plist;
				INFOPLIST_KEY_CFBundleDisplayName = SongWritingStudio;
				INFOPLIST_KEY_UIApplicationSupportsIndirectInputEvents = YES;
				INFOPLIST_KEY_UILaunchStoryboardName = LaunchScreen;
				INFOPLIST_KEY_UISupportedInterfaceOrientations_iPad = "UIInterfaceOrientationPortrait UIInterfaceOrientationPortraitUpsideDown UIInterfaceOrientationLandscapeLeft UIInterfaceOrientationLandscapeRight";
				INFOPLIST_KEY_UISupportedInterfaceOrientations_iPhone = "UIInterfaceOrientationPortrait UIInterfaceOrientationLandscapeLeft UIInterfaceOrientationLandscapeRight";
				IPHONEOS_DEPLOYMENT_TARGET = 16.0;
				LD_RUNPATH_SEARCH_PATHS = (
					"$(inherited)",
					"@executable_path/Frameworks",
				);
				MARKETING_VERSION = 1.0;
				PRODUCT_BUNDLE_IDENTIFIER = thiagohba.com.Main;
				PRODUCT_NAME = "$(TARGET_NAME)";
				SWIFT_EMIT_LOC_STRINGS = YES;
				SWIFT_VERSION = 5.0;
				TARGETED_DEVICE_FAMILY = "1,2";
			};
			name = Debug;
		};
		00F2F26A2B238ED00008F6F5 /* Release */ = {
			isa = XCBuildConfiguration;
			buildSettings = {
				ASSETCATALOG_COMPILER_APPICON_NAME = AppIcon;
				ASSETCATALOG_COMPILER_GENERATE_ASSET_SYMBOLS = YES;
				ASSETCATALOG_COMPILER_GLOBAL_ACCENT_COLOR_NAME = AccentColor;
				CODE_SIGN_STYLE = Automatic;
				CURRENT_PROJECT_VERSION = 1;
				DEVELOPMENT_TEAM = 685GVH2XJC;
				GENERATE_INFOPLIST_FILE = YES;
				INFOPLIST_FILE = Main/Info.plist;
				INFOPLIST_KEY_CFBundleDisplayName = SongWritingStudio;
				INFOPLIST_KEY_UIApplicationSupportsIndirectInputEvents = YES;
				INFOPLIST_KEY_UILaunchStoryboardName = LaunchScreen;
				INFOPLIST_KEY_UISupportedInterfaceOrientations_iPad = "UIInterfaceOrientationPortrait UIInterfaceOrientationPortraitUpsideDown UIInterfaceOrientationLandscapeLeft UIInterfaceOrientationLandscapeRight";
				INFOPLIST_KEY_UISupportedInterfaceOrientations_iPhone = "UIInterfaceOrientationPortrait UIInterfaceOrientationLandscapeLeft UIInterfaceOrientationLandscapeRight";
				IPHONEOS_DEPLOYMENT_TARGET = 16.0;
				LD_RUNPATH_SEARCH_PATHS = (
					"$(inherited)",
					"@executable_path/Frameworks",
				);
				MARKETING_VERSION = 1.0;
				PRODUCT_BUNDLE_IDENTIFIER = thiagohba.com.Main;
				PRODUCT_NAME = "$(TARGET_NAME)";
				SWIFT_EMIT_LOC_STRINGS = YES;
				SWIFT_VERSION = 5.0;
				TARGETED_DEVICE_FAMILY = "1,2";
			};
			name = Release;
		};
		00F2F2B72B24CD030008F6F5 /* Debug */ = {
			isa = XCBuildConfiguration;
			buildSettings = {
				CLANG_ENABLE_MODULES = YES;
				CODE_SIGN_STYLE = Automatic;
				COMBINE_HIDPI_IMAGES = YES;
				CURRENT_PROJECT_VERSION = 1;
				DEFINES_MODULE = YES;
				DEVELOPMENT_TEAM = 685GVH2XJC;
				DYLIB_COMPATIBILITY_VERSION = 1;
				DYLIB_CURRENT_VERSION = 1;
				DYLIB_INSTALL_NAME_BASE = "@rpath";
				ENABLE_MODULE_VERIFIER = YES;
				GENERATE_INFOPLIST_FILE = YES;
				INFOPLIST_KEY_NSHumanReadableCopyright = "";
				INSTALL_PATH = "$(LOCAL_LIBRARY_DIR)/Frameworks";
				IPHONEOS_DEPLOYMENT_TARGET = 16.0;
				LD_RUNPATH_SEARCH_PATHS = (
					"$(inherited)",
					"@executable_path/../Frameworks",
					"@loader_path/Frameworks",
				);
				MACOSX_DEPLOYMENT_TARGET = 13.6;
				MARKETING_VERSION = 1.0;
				MODULE_VERIFIER_SUPPORTED_LANGUAGES = "objective-c objective-c++";
				MODULE_VERIFIER_SUPPORTED_LANGUAGE_STANDARDS = "gnu17 gnu++20";
				PRODUCT_BUNDLE_IDENTIFIER = thiagohba.com.Presentation;
				PRODUCT_NAME = "$(TARGET_NAME:c99extidentifier)";
				SDKROOT = iphoneos;
				SKIP_INSTALL = YES;
				SUPPORTED_PLATFORMS = "iphoneos iphonesimulator";
				SUPPORTS_MACCATALYST = NO;
				SWIFT_EMIT_LOC_STRINGS = YES;
				SWIFT_OPTIMIZATION_LEVEL = "-Onone";
				SWIFT_VERSION = 5.0;
				TARGETED_DEVICE_FAMILY = 1;
				VERSIONING_SYSTEM = "apple-generic";
				VERSION_INFO_PREFIX = "";
			};
			name = Debug;
		};
		00F2F2B82B24CD030008F6F5 /* Release */ = {
			isa = XCBuildConfiguration;
			buildSettings = {
				CLANG_ENABLE_MODULES = YES;
				CODE_SIGN_STYLE = Automatic;
				COMBINE_HIDPI_IMAGES = YES;
				CURRENT_PROJECT_VERSION = 1;
				DEFINES_MODULE = YES;
				DEVELOPMENT_TEAM = 685GVH2XJC;
				DYLIB_COMPATIBILITY_VERSION = 1;
				DYLIB_CURRENT_VERSION = 1;
				DYLIB_INSTALL_NAME_BASE = "@rpath";
				ENABLE_MODULE_VERIFIER = YES;
				GENERATE_INFOPLIST_FILE = YES;
				INFOPLIST_KEY_NSHumanReadableCopyright = "";
				INSTALL_PATH = "$(LOCAL_LIBRARY_DIR)/Frameworks";
				IPHONEOS_DEPLOYMENT_TARGET = 16.0;
				LD_RUNPATH_SEARCH_PATHS = (
					"$(inherited)",
					"@executable_path/../Frameworks",
					"@loader_path/Frameworks",
				);
				MACOSX_DEPLOYMENT_TARGET = 13.6;
				MARKETING_VERSION = 1.0;
				MODULE_VERIFIER_SUPPORTED_LANGUAGES = "objective-c objective-c++";
				MODULE_VERIFIER_SUPPORTED_LANGUAGE_STANDARDS = "gnu17 gnu++20";
				PRODUCT_BUNDLE_IDENTIFIER = thiagohba.com.Presentation;
				PRODUCT_NAME = "$(TARGET_NAME:c99extidentifier)";
				SDKROOT = iphoneos;
				SKIP_INSTALL = YES;
				SUPPORTED_PLATFORMS = "iphoneos iphonesimulator";
				SUPPORTS_MACCATALYST = NO;
				SWIFT_EMIT_LOC_STRINGS = YES;
				SWIFT_VERSION = 5.0;
				TARGETED_DEVICE_FAMILY = 1;
				VERSIONING_SYSTEM = "apple-generic";
				VERSION_INFO_PREFIX = "";
			};
			name = Release;
		};
		00F2F2BA2B24CD030008F6F5 /* Debug */ = {
			isa = XCBuildConfiguration;
			buildSettings = {
				CODE_SIGN_STYLE = Automatic;
				CURRENT_PROJECT_VERSION = 1;
				DEVELOPMENT_TEAM = 685GVH2XJC;
				GENERATE_INFOPLIST_FILE = YES;
				MACOSX_DEPLOYMENT_TARGET = 13.6;
				MARKETING_VERSION = 1.0;
				PRODUCT_BUNDLE_IDENTIFIER = thiagohba.com.PresentationTests;
				PRODUCT_NAME = "$(TARGET_NAME)";
				SDKROOT = iphoneos;
				SUPPORTED_PLATFORMS = "iphoneos iphonesimulator";
				SWIFT_EMIT_LOC_STRINGS = NO;
				SWIFT_VERSION = 5.0;
			};
			name = Debug;
		};
		00F2F2BB2B24CD030008F6F5 /* Release */ = {
			isa = XCBuildConfiguration;
			buildSettings = {
				CODE_SIGN_STYLE = Automatic;
				CURRENT_PROJECT_VERSION = 1;
				DEVELOPMENT_TEAM = 685GVH2XJC;
				GENERATE_INFOPLIST_FILE = YES;
				MACOSX_DEPLOYMENT_TARGET = 13.6;
				MARKETING_VERSION = 1.0;
				PRODUCT_BUNDLE_IDENTIFIER = thiagohba.com.PresentationTests;
				PRODUCT_NAME = "$(TARGET_NAME)";
				SDKROOT = iphoneos;
				SUPPORTED_PLATFORMS = "iphoneos iphonesimulator";
				SWIFT_EMIT_LOC_STRINGS = NO;
				SWIFT_VERSION = 5.0;
			};
			name = Release;
		};
		00F2F3152B24E7080008F6F5 /* Debug */ = {
			isa = XCBuildConfiguration;
			buildSettings = {
				CLANG_ENABLE_MODULES = YES;
				CODE_SIGN_STYLE = Automatic;
				COMBINE_HIDPI_IMAGES = YES;
				CURRENT_PROJECT_VERSION = 1;
				DEFINES_MODULE = YES;
				DEVELOPMENT_TEAM = 685GVH2XJC;
				DYLIB_COMPATIBILITY_VERSION = 1;
				DYLIB_CURRENT_VERSION = 1;
				DYLIB_INSTALL_NAME_BASE = "@rpath";
				ENABLE_MODULE_VERIFIER = YES;
				GENERATE_INFOPLIST_FILE = YES;
				INFOPLIST_KEY_NSHumanReadableCopyright = "";
				INSTALL_PATH = "$(LOCAL_LIBRARY_DIR)/Frameworks";
				IPHONEOS_DEPLOYMENT_TARGET = 16.0;
				LD_RUNPATH_SEARCH_PATHS = (
					"$(inherited)",
					"@executable_path/../Frameworks",
					"@loader_path/Frameworks",
				);
				MACOSX_DEPLOYMENT_TARGET = 13.6;
				MARKETING_VERSION = 1.0;
				MODULE_VERIFIER_SUPPORTED_LANGUAGES = "objective-c objective-c++";
				MODULE_VERIFIER_SUPPORTED_LANGUAGE_STANDARDS = "gnu17 gnu++20";
				PRODUCT_BUNDLE_IDENTIFIER = thiagohba.com.UI;
				PRODUCT_NAME = "$(TARGET_NAME:c99extidentifier)";
				SDKROOT = iphoneos;
				SKIP_INSTALL = YES;
				SUPPORTED_PLATFORMS = "iphoneos iphonesimulator";
				SUPPORTS_MACCATALYST = NO;
				SWIFT_EMIT_LOC_STRINGS = YES;
				SWIFT_OPTIMIZATION_LEVEL = "-Onone";
				SWIFT_VERSION = 5.0;
				TARGETED_DEVICE_FAMILY = 1;
				VERSIONING_SYSTEM = "apple-generic";
				VERSION_INFO_PREFIX = "";
			};
			name = Debug;
		};
		00F2F3162B24E7080008F6F5 /* Release */ = {
			isa = XCBuildConfiguration;
			buildSettings = {
				CLANG_ENABLE_MODULES = YES;
				CODE_SIGN_STYLE = Automatic;
				COMBINE_HIDPI_IMAGES = YES;
				CURRENT_PROJECT_VERSION = 1;
				DEFINES_MODULE = YES;
				DEVELOPMENT_TEAM = 685GVH2XJC;
				DYLIB_COMPATIBILITY_VERSION = 1;
				DYLIB_CURRENT_VERSION = 1;
				DYLIB_INSTALL_NAME_BASE = "@rpath";
				ENABLE_MODULE_VERIFIER = YES;
				GENERATE_INFOPLIST_FILE = YES;
				INFOPLIST_KEY_NSHumanReadableCopyright = "";
				INSTALL_PATH = "$(LOCAL_LIBRARY_DIR)/Frameworks";
				IPHONEOS_DEPLOYMENT_TARGET = 16.0;
				LD_RUNPATH_SEARCH_PATHS = (
					"$(inherited)",
					"@executable_path/../Frameworks",
					"@loader_path/Frameworks",
				);
				MACOSX_DEPLOYMENT_TARGET = 13.6;
				MARKETING_VERSION = 1.0;
				MODULE_VERIFIER_SUPPORTED_LANGUAGES = "objective-c objective-c++";
				MODULE_VERIFIER_SUPPORTED_LANGUAGE_STANDARDS = "gnu17 gnu++20";
				PRODUCT_BUNDLE_IDENTIFIER = thiagohba.com.UI;
				PRODUCT_NAME = "$(TARGET_NAME:c99extidentifier)";
				SDKROOT = iphoneos;
				SKIP_INSTALL = YES;
				SUPPORTED_PLATFORMS = "iphoneos iphonesimulator";
				SUPPORTS_MACCATALYST = NO;
				SWIFT_EMIT_LOC_STRINGS = YES;
				SWIFT_VERSION = 5.0;
				TARGETED_DEVICE_FAMILY = 1;
				VERSIONING_SYSTEM = "apple-generic";
				VERSION_INFO_PREFIX = "";
			};
			name = Release;
		};
		00F2F3172B24E7080008F6F5 /* Debug */ = {
			isa = XCBuildConfiguration;
			buildSettings = {
				CODE_SIGN_STYLE = Automatic;
				CURRENT_PROJECT_VERSION = 1;
				DEVELOPMENT_TEAM = 685GVH2XJC;
				GENERATE_INFOPLIST_FILE = YES;
				MACOSX_DEPLOYMENT_TARGET = 13.6;
				MARKETING_VERSION = 1.0;
				PRODUCT_BUNDLE_IDENTIFIER = thiagohba.com.UITests;
				PRODUCT_NAME = "$(TARGET_NAME)";
				SDKROOT = iphoneos;
				SUPPORTED_PLATFORMS = "iphoneos iphonesimulator";
				SWIFT_EMIT_LOC_STRINGS = NO;
				SWIFT_VERSION = 5.0;
			};
			name = Debug;
		};
		00F2F3182B24E7080008F6F5 /* Release */ = {
			isa = XCBuildConfiguration;
			buildSettings = {
				CODE_SIGN_STYLE = Automatic;
				CURRENT_PROJECT_VERSION = 1;
				DEVELOPMENT_TEAM = 685GVH2XJC;
				GENERATE_INFOPLIST_FILE = YES;
				MACOSX_DEPLOYMENT_TARGET = 13.6;
				MARKETING_VERSION = 1.0;
				PRODUCT_BUNDLE_IDENTIFIER = thiagohba.com.UITests;
				PRODUCT_NAME = "$(TARGET_NAME)";
				SDKROOT = iphoneos;
				SUPPORTED_PLATFORMS = "iphoneos iphonesimulator";
				SWIFT_EMIT_LOC_STRINGS = NO;
				SWIFT_VERSION = 5.0;
			};
			name = Release;
		};
/* End XCBuildConfiguration section */

/* Begin XCConfigurationList section */
		00F2F1C52B2373980008F6F5 /* Build configuration list for PBXProject "SongWrittingApp" */ = {
			isa = XCConfigurationList;
			buildConfigurations = (
				00F2F1DC2B2373990008F6F5 /* Debug */,
				00F2F1DD2B2373990008F6F5 /* Release */,
			);
			defaultConfigurationIsVisible = 0;
			defaultConfigurationName = Release;
		};
		00F2F1EA2B2373B70008F6F5 /* Build configuration list for PBXNativeTarget "Domain" */ = {
			isa = XCConfigurationList;
			buildConfigurations = (
				00F2F1EB2B2373B70008F6F5 /* Debug */,
				00F2F1EC2B2373B70008F6F5 /* Release */,
			);
			defaultConfigurationIsVisible = 0;
			defaultConfigurationName = Release;
		};
		00F2F20A2B2380000008F6F5 /* Build configuration list for PBXNativeTarget "Data" */ = {
			isa = XCConfigurationList;
			buildConfigurations = (
				00F2F20B2B2380000008F6F5 /* Debug */,
				00F2F20C2B2380000008F6F5 /* Release */,
			);
			defaultConfigurationIsVisible = 0;
			defaultConfigurationName = Release;
		};
		00F2F20D2B2380000008F6F5 /* Build configuration list for PBXNativeTarget "DataTests" */ = {
			isa = XCConfigurationList;
			buildConfigurations = (
				00F2F20E2B2380000008F6F5 /* Debug */,
				00F2F20F2B2380000008F6F5 /* Release */,
			);
			defaultConfigurationIsVisible = 0;
			defaultConfigurationName = Release;
		};
		00F2F2412B238D620008F6F5 /* Build configuration list for PBXNativeTarget "Infra" */ = {
			isa = XCConfigurationList;
			buildConfigurations = (
				00F2F2422B238D620008F6F5 /* Debug */,
				00F2F2432B238D620008F6F5 /* Release */,
			);
			defaultConfigurationIsVisible = 0;
			defaultConfigurationName = Release;
		};
		00F2F2442B238D620008F6F5 /* Build configuration list for PBXNativeTarget "InfraTests" */ = {
			isa = XCConfigurationList;
			buildConfigurations = (
				00F2F2452B238D620008F6F5 /* Debug */,
				00F2F2462B238D620008F6F5 /* Release */,
			);
			defaultConfigurationIsVisible = 0;
			defaultConfigurationName = Release;
		};
		00F2F2682B238ED00008F6F5 /* Build configuration list for PBXNativeTarget "Main" */ = {
			isa = XCConfigurationList;
			buildConfigurations = (
				00F2F2692B238ED00008F6F5 /* Debug */,
				00F2F26A2B238ED00008F6F5 /* Release */,
			);
			defaultConfigurationIsVisible = 0;
			defaultConfigurationName = Release;
		};
		00F2F2B62B24CD030008F6F5 /* Build configuration list for PBXNativeTarget "Presentation" */ = {
			isa = XCConfigurationList;
			buildConfigurations = (
				00F2F2B72B24CD030008F6F5 /* Debug */,
				00F2F2B82B24CD030008F6F5 /* Release */,
			);
			defaultConfigurationIsVisible = 0;
			defaultConfigurationName = Release;
		};
		00F2F2B92B24CD030008F6F5 /* Build configuration list for PBXNativeTarget "PresentationTests" */ = {
			isa = XCConfigurationList;
			buildConfigurations = (
				00F2F2BA2B24CD030008F6F5 /* Debug */,
				00F2F2BB2B24CD030008F6F5 /* Release */,
			);
			defaultConfigurationIsVisible = 0;
			defaultConfigurationName = Release;
		};
		00F2F3192B24E7080008F6F5 /* Build configuration list for PBXNativeTarget "UI" */ = {
			isa = XCConfigurationList;
			buildConfigurations = (
				00F2F3152B24E7080008F6F5 /* Debug */,
				00F2F3162B24E7080008F6F5 /* Release */,
			);
			defaultConfigurationIsVisible = 0;
			defaultConfigurationName = Release;
		};
		00F2F31A2B24E7080008F6F5 /* Build configuration list for PBXNativeTarget "UITests" */ = {
			isa = XCConfigurationList;
			buildConfigurations = (
				00F2F3172B24E7080008F6F5 /* Debug */,
				00F2F3182B24E7080008F6F5 /* Release */,
			);
			defaultConfigurationIsVisible = 0;
			defaultConfigurationName = Release;
		};
/* End XCConfigurationList section */
	};
	rootObject = 00F2F1C22B2373980008F6F5 /* Project object */;
}
